Microsoft Visual Studio Solution File, Format Version 12.00
# Visual Studio 2012
Project("{FAE04EC0-301F-11D3-BF4B-00C04F79EFBC}") = "Mega Bot", "Mega Bot.csproj", "{C8F4D137-0FD6-4DC9-8BAE-88C658C1980A}"
EndProject
Global
	GlobalSection(SolutionConfigurationPlatforms) = preSolution
	Debug|Any CPU = Debug|Any CPU
	Release|Any CPU = Release|Any CPU
	Tools|Any CPU = Tools|Any CPU
	EndGlobalSection
	GlobalSection(ProjectConfigurationPlatforms) = postSolution
		{C8F4D137-0FD6-4DC9-8BAE-88C658C1980A}.Debug|Any CPU.ActiveCfg = Debug|Any CPU
		{C8F4D137-0FD6-4DC9-8BAE-88C658C1980A}.Debug|Any CPU.Build.0 = Debug|Any CPU
		{C8F4D137-0FD6-4DC9-8BAE-88C658C1980A}.Release|Any CPU.ActiveCfg = Release|Any CPU
		{C8F4D137-0FD6-4DC9-8BAE-88C658C1980A}.Release|Any CPU.Build.0 = Release|Any CPU
		{C8F4D137-0FD6-4DC9-8BAE-88C658C1980A}.Tools|Any CPU.ActiveCfg = Tools|Any CPU
		{C8F4D137-0FD6-4DC9-8BAE-88C658C1980A}.Tools|Any CPU.Build.0 = Tools|Any CPU
	EndGlobalSection
EndGlobal
